
Microsoft Visual Studio Solution File, Format Version 12.00
# Visual Studio Version 16
VisualStudioVersion = 16.0.30330.147
MinimumVisualStudioVersion = 10.0.40219.1
Project("{FAE04EC0-301F-11D3-BF4B-00C04F79EFBC}") = "Music.Android", "Music\Music.Android\Music.Android.csproj", "{0EFE4C77-4648-4184-A118-916C722D7DCB}"
EndProject
Project("{FAE04EC0-301F-11D3-BF4B-00C04F79EFBC}") = "Music", "Music\Music\Music.csproj", "{5E05D095-1E2E-4ABE-96B2-CA0D7FA9941C}"
EndProject
Global
	GlobalSection(SolutionConfigurationPlatforms) = preSolution
		Debug|Any CPU = Debug|Any CPU
		Release|Any CPU = Release|Any CPU
	EndGlobalSection
	GlobalSection(ProjectConfigurationPlatforms) = postSolution
		{0EFE4C77-4648-4184-A118-916C722D7DCB}.Debug|Any CPU.ActiveCfg = Debug|Any CPU
		{0EFE4C77-4648-4184-A118-916C722D7DCB}.Debug|Any CPU.Build.0 = Debug|Any CPU
		{0EFE4C77-4648-4184-A118-916C722D7DCB}.Debug|Any CPU.Deploy.0 = Debug|Any CPU
		{0EFE4C77-4648-4184-A118-916C722D7DCB}.Release|Any CPU.ActiveCfg = Release|Any CPU
		{0EFE4C77-4648-4184-A118-916C722D7DCB}.Release|Any CPU.Build.0 = Release|Any CPU
		{0EFE4C77-4648-4184-A118-916C722D7DCB}.Release|Any CPU.Deploy.0 = Release|Any CPU
		{5E05D095-1E2E-4ABE-96B2-CA0D7FA9941C}.Debug|Any CPU.ActiveCfg = Debug|Any CPU
		{5E05D095-1E2E-4ABE-96B2-CA0D7FA9941C}.Debug|Any CPU.Build.0 = Debug|Any CPU
		{5E05D095-1E2E-4ABE-96B2-CA0D7FA9941C}.Debug|Any CPU.Deploy.0 = Debug|Any CPU
		{5E05D095-1E2E-4ABE-96B2-CA0D7FA9941C}.Release|Any CPU.ActiveCfg = Release|Any CPU
		{5E05D095-1E2E-4ABE-96B2-CA0D7FA9941C}.Release|Any CPU.Build.0 = Release|Any CPU
		{5E05D095-1E2E-4ABE-96B2-CA0D7FA9941C}.Release|Any CPU.Deploy.0 = Release|Any CPU
	EndGlobalSection
	GlobalSection(SolutionProperties) = preSolution
		HideSolutionNode = FALSE
	EndGlobalSection
	GlobalSection(ExtensibilityGlobals) = postSolution
		SolutionGuid = {C5482E0A-5BDC-4D0E-8123-CB1A9B3F562E}
	EndGlobalSection
EndGlobal
